
Microsoft Visual Studio Solution File, Format Version 12.00
# Visual Studio Version 16
VisualStudioVersion = 16.0.30114.105
MinimumVisualStudioVersion = 10.0.40219.1
Project("{FAE04EC0-301F-11D3-BF4B-00C04F79EFBC}") = "API", "API\API.csproj", "{71CD147F-65DD-4B66-81EF-17C92DCD50FF}"
EndProject
Project("{FAE04EC0-301F-11D3-BF4B-00C04F79EFBC}") = "core", "core\core.csproj", "{3A874DF7-CA5C-45F1-8AF9-D17B0F0E75B7}"
EndProject
Project("{FAE04EC0-301F-11D3-BF4B-00C04F79EFBC}") = "Infrastructure", "Infrastructure\Infrastructure.csproj", "{AD2743EB-B2EE-4A43-9107-6651EE27F2EF}"
EndProject
Global
	GlobalSection(SolutionConfigurationPlatforms) = preSolution
		Debug|Any CPU = Debug|Any CPU
		Debug|x64 = Debug|x64
		Debug|x86 = Debug|x86
		Release|Any CPU = Release|Any CPU
		Release|x64 = Release|x64
		Release|x86 = Release|x86
	EndGlobalSection
	GlobalSection(SolutionProperties) = preSolution
		HideSolutionNode = FALSE
	EndGlobalSection
	GlobalSection(ProjectConfigurationPlatforms) = postSolution
		{71CD147F-65DD-4B66-81EF-17C92DCD50FF}.Debug|Any CPU.ActiveCfg = Debug|Any CPU
		{71CD147F-65DD-4B66-81EF-17C92DCD50FF}.Debug|Any CPU.Build.0 = Debug|Any CPU
		{71CD147F-65DD-4B66-81EF-17C92DCD50FF}.Debug|x64.ActiveCfg = Debug|Any CPU
		{71CD147F-65DD-4B66-81EF-17C92DCD50FF}.Debug|x64.Build.0 = Debug|Any CPU
		{71CD147F-65DD-4B66-81EF-17C92DCD50FF}.Debug|x86.ActiveCfg = Debug|Any CPU
		{71CD147F-65DD-4B66-81EF-17C92DCD50FF}.Debug|x86.Build.0 = Debug|Any CPU
		{71CD147F-65DD-4B66-81EF-17C92DCD50FF}.Release|Any CPU.ActiveCfg = Release|Any CPU
		{71CD147F-65DD-4B66-81EF-17C92DCD50FF}.Release|Any CPU.Build.0 = Release|Any CPU
		{71CD147F-65DD-4B66-81EF-17C92DCD50FF}.Release|x64.ActiveCfg = Release|Any CPU
		{71CD147F-65DD-4B66-81EF-17C92DCD50FF}.Release|x64.Build.0 = Release|Any CPU
		{71CD147F-65DD-4B66-81EF-17C92DCD50FF}.Release|x86.ActiveCfg = Release|Any CPU
		{71CD147F-65DD-4B66-81EF-17C92DCD50FF}.Release|x86.Build.0 = Release|Any CPU
		{3A874DF7-CA5C-45F1-8AF9-D17B0F0E75B7}.Debug|Any CPU.ActiveCfg = Debug|Any CPU
		{3A874DF7-CA5C-45F1-8AF9-D17B0F0E75B7}.Debug|Any CPU.Build.0 = Debug|Any CPU
		{3A874DF7-CA5C-45F1-8AF9-D17B0F0E75B7}.Debug|x64.ActiveCfg = Debug|Any CPU
		{3A874DF7-CA5C-45F1-8AF9-D17B0F0E75B7}.Debug|x64.Build.0 = Debug|Any CPU
		{3A874DF7-CA5C-45F1-8AF9-D17B0F0E75B7}.Debug|x86.ActiveCfg = Debug|Any CPU
		{3A874DF7-CA5C-45F1-8AF9-D17B0F0E75B7}.Debug|x86.Build.0 = Debug|Any CPU
		{3A874DF7-CA5C-45F1-8AF9-D17B0F0E75B7}.Release|Any CPU.ActiveCfg = Release|Any CPU
		{3A874DF7-CA5C-45F1-8AF9-D17B0F0E75B7}.Release|Any CPU.Build.0 = Release|Any CPU
		{3A874DF7-CA5C-45F1-8AF9-D17B0F0E75B7}.Release|x64.ActiveCfg = Release|Any CPU
		{3A874DF7-CA5C-45F1-8AF9-D17B0F0E75B7}.Release|x64.Build.0 = Release|Any CPU
		{3A874DF7-CA5C-45F1-8AF9-D17B0F0E75B7}.Release|x86.ActiveCfg = Release|Any CPU
		{3A874DF7-CA5C-45F1-8AF9-D17B0F0E75B7}.Release|x86.Build.0 = Release|Any CPU
		{AD2743EB-B2EE-4A43-9107-6651EE27F2EF}.Debug|Any CPU.ActiveCfg = Debug|Any CPU
		{AD2743EB-B2EE-4A43-9107-6651EE27F2EF}.Debug|Any CPU.Build.0 = Debug|Any CPU
		{AD2743EB-B2EE-4A43-9107-6651EE27F2EF}.Debug|x64.ActiveCfg = Debug|Any CPU
		{AD2743EB-B2EE-4A43-9107-6651EE27F2EF}.Debug|x64.Build.0 = Debug|Any CPU
		{AD2743EB-B2EE-4A43-9107-6651EE27F2EF}.Debug|x86.ActiveCfg = Debug|Any CPU
		{AD2743EB-B2EE-4A43-9107-6651EE27F2EF}.Debug|x86.Build.0 = Debug|Any CPU
		{AD2743EB-B2EE-4A43-9107-6651EE27F2EF}.Release|Any CPU.ActiveCfg = Release|Any CPU
		{AD2743EB-B2EE-4A43-9107-6651EE27F2EF}.Release|Any CPU.Build.0 = Release|Any CPU
		{AD2743EB-B2EE-4A43-9107-6651EE27F2EF}.Release|x64.ActiveCfg = Release|Any CPU
		{AD2743EB-B2EE-4A43-9107-6651EE27F2EF}.Release|x64.Build.0 = Release|Any CPU
		{AD2743EB-B2EE-4A43-9107-6651EE27F2EF}.Release|x86.ActiveCfg = Release|Any CPU
		{AD2743EB-B2EE-4A43-9107-6651EE27F2EF}.Release|x86.Build.0 = Release|Any CPU
	EndGlobalSection
EndGlobal
